<?xml version="1.0" encoding="utf-8"?>
<Project ToolsVersion="4.0" xmlns="http://schemas.microsoft.com/developer/msbuild/2003">
  <ItemGroup>
    <ClCompile Include="$(MSBuildThisFileDirectory)Camera.cpp" />
    <ClCompile Include="$(MSBuildThisFileDirectory)Shader.cpp" />
    <ClCompile Include="$(MSBuildThisFileDirectory)Point.cpp" />
    <ClCompile Include="$(MSBuildThisFileDirectory)PointList.cpp" />
    <ClCompile Include="$(MSBuildThisFileDirectory)Line.cpp" />
    <ClCompile Include="$(MSBuildThisFileDirectory)LineList.cpp" />
    <ClCompile Include="$(MSBuildThisFileDirectory)DisplayDevice.cpp" />
    <ClCompile Include="$(MSBuildThisFileDirectory)GridSystem.cpp" />
    <ClCompile Include="$(MSBuildThisFileDirectory)RendererSettings.cpp" />
    <ClCompile Include="$(MSBuildThisFileDirectory)Renderer.cpp" />
    <ClCompile Include="$(MSBuildThisFileDirectory)Framebuffer.cpp" />
  </ItemGroup>
  <ItemGroup>
    <ClInclude Include="$(MSBuildThisFileDirectory)Camera.h" />
    <ClInclude Include="$(MSBuildThisFileDirectory)GLConfig.h" />
    <ClInclude Include="$(MSBuildThisFileDirectory)GlobalHeader.h" />
    <ClInclude Include="$(MSBuildThisFileDirectory)Log.h" />
    <ClInclude Include="$(MSBuildThisFileDirectory)Shader.h" />
    <ClInclude Include="$(MSBuildThisFileDirectory)Point.h" />
    <ClInclude Include="$(MSBuildThisFileDirectory)PointList.h" />
    <ClInclude Include="$(MSBuildThisFileDirectory)Line.h" />
    <ClInclude Include="$(MSBuildThisFileDirectory)LineList.h" />
    <ClInclude Include="$(MSBuildThisFileDirectory)DisplayDevice.h" />
    <ClInclude Include="$(MSBuildThisFileDirectory)GridSystem.h" />
    <ClInclude Include="$(MSBuildThisFileDirectory)RendererSettings.h" />
    <ClInclude Include="$(MSBuildThisFileDirectory)Renderer.h" />
    <ClInclude Include="$(MSBuildThisFileDirectory)GraphicObject.h" />
    <ClInclude Include="$(MSBuildThisFileDirectory)GraphicObject2D.h" />
    <ClInclude Include="$(MSBuildThisFileDirectory)ContentAlignment.h" />
    <ClInclude Include="$(MSBuildThisFileDirectory)Framebuffer.h" />
  </ItemGroup>
</Project>